
Microsoft Visual Studio Solution File, Format Version 12.00
# Visual Studio Version 16
VisualStudioVersion = 16.0.31624.102
MinimumVisualStudioVersion = 10.0.40219.1
Project("{8BC9CEB8-8B4A-11D0-8D11-00A0C91BC942}") = "assignment 5", "assignment 5\assignment 5.vcxproj", "{FB04F679-E521-497D-B207-BB12D63513AC}"
EndProject
Global
	GlobalSection(SolutionConfigurationPlatforms) = preSolution
		Debug|x64 = Debug|x64
		Debug|x86 = Debug|x86
		Release|x64 = Release|x64
		Release|x86 = Release|x86
	EndGlobalSection
	GlobalSection(ProjectConfigurationPlatforms) = postSolution
		{FB04F679-E521-497D-B207-BB12D63513AC}.Debug|x64.ActiveCfg = Debug|x64
		{FB04F679-E521-497D-B207-BB12D63513AC}.Debug|x64.Build.0 = Debug|x64
		{FB04F679-E521-497D-B207-BB12D63513AC}.Debug|x86.ActiveCfg = Debug|Win32
		{FB04F679-E521-497D-B207-BB12D63513AC}.Debug|x86.Build.0 = Debug|Win32
		{FB04F679-E521-497D-B207-BB12D63513AC}.Release|x64.ActiveCfg = Release|x64
		{FB04F679-E521-497D-B207-BB12D63513AC}.Release|x64.Build.0 = Release|x64
		{FB04F679-E521-497D-B207-BB12D63513AC}.Release|x86.ActiveCfg = Release|Win32
		{FB04F679-E521-497D-B207-BB12D63513AC}.Release|x86.Build.0 = Release|Win32
	EndGlobalSection
	GlobalSection(SolutionProperties) = preSolution
		HideSolutionNode = FALSE
	EndGlobalSection
	GlobalSection(ExtensibilityGlobals) = postSolution
		SolutionGuid = {109DA73C-2660-4775-9869-D28A6311E62E}
	EndGlobalSection
EndGlobal
