
Microsoft Visual Studio Solution File, Format Version 12.00
# Visual Studio Version 16
VisualStudioVersion = 16.0.32106.194
MinimumVisualStudioVersion = 10.0.40219.1
Project("{8BC9CEB8-8B4A-11D0-8D11-00A0C91BC942}") = "exercise 3", "exercise 3\exercise 3.vcxproj", "{182E1331-D115-499F-9A95-6E8F7E531F65}"
EndProject
Global
	GlobalSection(SolutionConfigurationPlatforms) = preSolution
		Debug|x64 = Debug|x64
		Debug|x86 = Debug|x86
		Release|x64 = Release|x64
		Release|x86 = Release|x86
	EndGlobalSection
	GlobalSection(ProjectConfigurationPlatforms) = postSolution
		{182E1331-D115-499F-9A95-6E8F7E531F65}.Debug|x64.ActiveCfg = Debug|x64
		{182E1331-D115-499F-9A95-6E8F7E531F65}.Debug|x64.Build.0 = Debug|x64
		{182E1331-D115-499F-9A95-6E8F7E531F65}.Debug|x86.ActiveCfg = Debug|Win32
		{182E1331-D115-499F-9A95-6E8F7E531F65}.Debug|x86.Build.0 = Debug|Win32
		{182E1331-D115-499F-9A95-6E8F7E531F65}.Release|x64.ActiveCfg = Release|x64
		{182E1331-D115-499F-9A95-6E8F7E531F65}.Release|x64.Build.0 = Release|x64
		{182E1331-D115-499F-9A95-6E8F7E531F65}.Release|x86.ActiveCfg = Release|Win32
		{182E1331-D115-499F-9A95-6E8F7E531F65}.Release|x86.Build.0 = Release|Win32
	EndGlobalSection
	GlobalSection(SolutionProperties) = preSolution
		HideSolutionNode = FALSE
	EndGlobalSection
	GlobalSection(ExtensibilityGlobals) = postSolution
		SolutionGuid = {45EE0B2C-685B-4101-87C3-88F531172AB7}
	EndGlobalSection
EndGlobal
