
Microsoft Visual Studio Solution File, Format Version 12.00
# Visual Studio Version 16
VisualStudioVersion = 16.0.31702.278
MinimumVisualStudioVersion = 10.0.40219.1
Project("{8BC9CEB8-8B4A-11D0-8D11-00A0C91BC942}") = "assignment 10", "assignment 10\assignment 10.vcxproj", "{866AEC02-A1DA-4FDB-BC62-4B635986759F}"
EndProject
Global
	GlobalSection(SolutionConfigurationPlatforms) = preSolution
		Debug|x64 = Debug|x64
		Debug|x86 = Debug|x86
		Release|x64 = Release|x64
		Release|x86 = Release|x86
	EndGlobalSection
	GlobalSection(ProjectConfigurationPlatforms) = postSolution
		{866AEC02-A1DA-4FDB-BC62-4B635986759F}.Debug|x64.ActiveCfg = Debug|x64
		{866AEC02-A1DA-4FDB-BC62-4B635986759F}.Debug|x64.Build.0 = Debug|x64
		{866AEC02-A1DA-4FDB-BC62-4B635986759F}.Debug|x86.ActiveCfg = Debug|Win32
		{866AEC02-A1DA-4FDB-BC62-4B635986759F}.Debug|x86.Build.0 = Debug|Win32
		{866AEC02-A1DA-4FDB-BC62-4B635986759F}.Release|x64.ActiveCfg = Release|x64
		{866AEC02-A1DA-4FDB-BC62-4B635986759F}.Release|x64.Build.0 = Release|x64
		{866AEC02-A1DA-4FDB-BC62-4B635986759F}.Release|x86.ActiveCfg = Release|Win32
		{866AEC02-A1DA-4FDB-BC62-4B635986759F}.Release|x86.Build.0 = Release|Win32
	EndGlobalSection
	GlobalSection(SolutionProperties) = preSolution
		HideSolutionNode = FALSE
	EndGlobalSection
	GlobalSection(ExtensibilityGlobals) = postSolution
		SolutionGuid = {4CE976E7-8929-4F9E-B72D-40CFE120258D}
	EndGlobalSection
EndGlobal
